
Microsoft Visual Studio Solution File, Format Version 12.00
# Visual Studio Version 17
VisualStudioVersion = 17.9.34622.214
MinimumVisualStudioVersion = 10.0.40219.1
Project("{9A19103F-16F7-4668-BE54-9A1E7A4F7556}") = "TranslucentInstancedPrimitives", "TranslucentInstancedPrimitives\TranslucentInstancedPrimitives.csproj", "{F34A6C95-C106-42F8-996C-F1B35DF22E1E}"
EndProject
Project("{2150E333-8FDC-42A3-9474-1A3956D46DE8}") = "libraries", "libraries", "{56FED4BF-5C5A-4F49-BBE2-564632F25610}"
EndProject
Project("{2150E333-8FDC-42A3-9474-1A3956D46DE8}") = "Guppy", "Guppy", "{0C7006A7-8A9C-402A-AD27-0D2A7335A037}"
EndProject
Project("{2150E333-8FDC-42A3-9474-1A3956D46DE8}") = "libraries", "libraries", "{A58C6FE5-D4D2-4443-89B1-42A9CF6CB680}"
EndProject
Project("{2150E333-8FDC-42A3-9474-1A3956D46DE8}") = "MonoGame", "MonoGame", "{FF9F215A-1826-4503-9454-3A7BCEA1E851}"
EndProject
Project("{9A19103F-16F7-4668-BE54-9A1E7A4F7556}") = "MonoGame.Framework.DesktopGL", "libraries\Guppy\libraries\MonoGame\MonoGame.Framework\MonoGame.Framework.DesktopGL.csproj", "{2F5BAD2B-5B26-4829-89FA-ABE8A819FB19}"
EndProject
Project("{2150E333-8FDC-42A3-9474-1A3956D46DE8}") = "ImGui.NET", "ImGui.NET", "{40D639B1-9044-4E9B-872A-A5711CE2A655}"
EndProject
Project("{9A19103F-16F7-4668-BE54-9A1E7A4F7556}") = "ImGui.NET", "libraries\Guppy\libraries\ImGui.NET\src\ImGui.NET\ImGui.NET.csproj", "{F7A07543-4609-499E-B8A9-44820752B458}"
EndProject
Project("{9A19103F-16F7-4668-BE54-9A1E7A4F7556}") = "Guppy.Common", "libraries\Guppy\src\Guppy.Common\Guppy.Common.csproj", "{52F111FB-D331-4577-B6C7-BB304666306F}"
EndProject
Project("{9A19103F-16F7-4668-BE54-9A1E7A4F7556}") = "Guppy", "libraries\Guppy\src\Guppy\Guppy.csproj", "{E25DC763-797A-4E67-AF72-3BB931ABBC48}"
EndProject
Project("{9A19103F-16F7-4668-BE54-9A1E7A4F7556}") = "Guppy.Game.MonoGame", "libraries\Guppy\src\Guppy.Game.MonoGame\Guppy.Game.MonoGame.csproj", "{8539B096-8660-46D6-9E13-37C6E4E3337A}"
EndProject
Project("{9A19103F-16F7-4668-BE54-9A1E7A4F7556}") = "Guppy.Resources", "libraries\Guppy\src\Guppy.Resources\Guppy.Resources.csproj", "{93B57436-60A8-4982-B1AF-62020AD93E09}"
EndProject
Project("{9A19103F-16F7-4668-BE54-9A1E7A4F7556}") = "Guppy.StateMachine", "libraries\Guppy\src\Guppy.StateMachine\Guppy.StateMachine.csproj", "{1E27574D-6E6E-44D0-A4D4-833E704F167F}"
EndProject
Project("{9A19103F-16F7-4668-BE54-9A1E7A4F7556}") = "Guppy.Game.Input", "libraries\Guppy\src\Guppy.Game.Input\Guppy.Game.Input.csproj", "{F13A0EC2-A94C-409D-8080-4D1D353F95AD}"
EndProject
Project("{9A19103F-16F7-4668-BE54-9A1E7A4F7556}") = "Guppy.Game.ImGui", "libraries\Guppy\src\Guppy.Game.ImGui\Guppy.Game.ImGui.csproj", "{8877C29C-F947-4BE8-BDAC-DC12C0410E18}"
EndProject
Project("{9A19103F-16F7-4668-BE54-9A1E7A4F7556}") = "Guppy.Game.ImGui.ImGuiNETSourceGenerator", "libraries\Guppy\src\Guppy.Game.ImGui.ImGuiNETSourceGenerator\Guppy.Game.ImGui.ImGuiNETSourceGenerator.csproj", "{477FBCAC-8B2C-4926-AE31-E8785F98BCCB}"
EndProject
Project("{9A19103F-16F7-4668-BE54-9A1E7A4F7556}") = "Guppy.Files", "libraries\Guppy\src\Guppy.Files\Guppy.Files.csproj", "{AD84635E-A1ED-4D46-84B3-713883ACB70E}"
EndProject
Project("{9A19103F-16F7-4668-BE54-9A1E7A4F7556}") = "Guppy.Game", "libraries\Guppy\src\Guppy.Game\Guppy.Game.csproj", "{3F87060C-5756-4F2B-8EB0-DF0E0F90BFEA}"
EndProject
Project("{9A19103F-16F7-4668-BE54-9A1E7A4F7556}") = "Guppy.Commands", "libraries\Guppy\src\Guppy.Commands\Guppy.Commands.csproj", "{EF981278-CE97-46AF-90F3-9DD38BE0A9E9}"
EndProject
Project("{9A19103F-16F7-4668-BE54-9A1E7A4F7556}") = "Guppy.Messaging", "libraries\Guppy\src\Guppy.Messaging\Guppy.Messaging.csproj", "{BFEEF857-6E98-4758-AAD5-D977CCCF03C6}"
EndProject
Project("{9A19103F-16F7-4668-BE54-9A1E7A4F7556}") = "Guppy.Game.Common", "libraries\Guppy\src\Guppy.Game.Common\Guppy.Game.Common.csproj", "{489DC851-078E-405E-B5B3-EBD01149A546}"
EndProject
Project("{9A19103F-16F7-4668-BE54-9A1E7A4F7556}") = "MonoGame.Framework.Content.Pipeline", "libraries\Guppy\libraries\MonoGame\MonoGame.Framework.Content.Pipeline\MonoGame.Framework.Content.Pipeline.csproj", "{E6E7307E-8AC1-4224-9C29-90780F4E0B3F}"
EndProject
Project("{9A19103F-16F7-4668-BE54-9A1E7A4F7556}") = "MonoGame.Content.Builder.Task", "libraries\Guppy\libraries\MonoGame\Tools\MonoGame.Content.Builder.Task\MonoGame.Content.Builder.Task.csproj", "{F4BE1554-666E-4A9D-BB6F-8E1FD6425B1B}"
EndProject
Project("{9A19103F-16F7-4668-BE54-9A1E7A4F7556}") = "MonoGame.Content.Builder", "libraries\Guppy\libraries\MonoGame\Tools\MonoGame.Content.Builder\MonoGame.Content.Builder.csproj", "{6D65B80C-BD08-471C-83D9-1534A509CAD4}"
EndProject
Global
	GlobalSection(SolutionConfigurationPlatforms) = preSolution
		Debug|Any CPU = Debug|Any CPU
		Debug|x64 = Debug|x64
		Release|Any CPU = Release|Any CPU
		Release|x64 = Release|x64
	EndGlobalSection
	GlobalSection(ProjectConfigurationPlatforms) = postSolution
		{F34A6C95-C106-42F8-996C-F1B35DF22E1E}.Debug|Any CPU.ActiveCfg = Debug|Any CPU
		{F34A6C95-C106-42F8-996C-F1B35DF22E1E}.Debug|Any CPU.Build.0 = Debug|Any CPU
		{F34A6C95-C106-42F8-996C-F1B35DF22E1E}.Debug|x64.ActiveCfg = Debug|Any CPU
		{F34A6C95-C106-42F8-996C-F1B35DF22E1E}.Debug|x64.Build.0 = Debug|Any CPU
		{F34A6C95-C106-42F8-996C-F1B35DF22E1E}.Release|Any CPU.ActiveCfg = Release|Any CPU
		{F34A6C95-C106-42F8-996C-F1B35DF22E1E}.Release|Any CPU.Build.0 = Release|Any CPU
		{F34A6C95-C106-42F8-996C-F1B35DF22E1E}.Release|x64.ActiveCfg = Release|Any CPU
		{F34A6C95-C106-42F8-996C-F1B35DF22E1E}.Release|x64.Build.0 = Release|Any CPU
		{2F5BAD2B-5B26-4829-89FA-ABE8A819FB19}.Debug|Any CPU.ActiveCfg = Debug|Any CPU
		{2F5BAD2B-5B26-4829-89FA-ABE8A819FB19}.Debug|Any CPU.Build.0 = Debug|Any CPU
		{2F5BAD2B-5B26-4829-89FA-ABE8A819FB19}.Debug|x64.ActiveCfg = Debug|Any CPU
		{2F5BAD2B-5B26-4829-89FA-ABE8A819FB19}.Debug|x64.Build.0 = Debug|Any CPU
		{2F5BAD2B-5B26-4829-89FA-ABE8A819FB19}.Release|Any CPU.ActiveCfg = Release|Any CPU
		{2F5BAD2B-5B26-4829-89FA-ABE8A819FB19}.Release|Any CPU.Build.0 = Release|Any CPU
		{2F5BAD2B-5B26-4829-89FA-ABE8A819FB19}.Release|x64.ActiveCfg = Release|Any CPU
		{2F5BAD2B-5B26-4829-89FA-ABE8A819FB19}.Release|x64.Build.0 = Release|Any CPU
		{F7A07543-4609-499E-B8A9-44820752B458}.Debug|Any CPU.ActiveCfg = Debug|Any CPU
		{F7A07543-4609-499E-B8A9-44820752B458}.Debug|Any CPU.Build.0 = Debug|Any CPU
		{F7A07543-4609-499E-B8A9-44820752B458}.Debug|x64.ActiveCfg = Debug|Any CPU
		{F7A07543-4609-499E-B8A9-44820752B458}.Debug|x64.Build.0 = Debug|Any CPU
		{F7A07543-4609-499E-B8A9-44820752B458}.Release|Any CPU.ActiveCfg = Release|Any CPU
		{F7A07543-4609-499E-B8A9-44820752B458}.Release|Any CPU.Build.0 = Release|Any CPU
		{F7A07543-4609-499E-B8A9-44820752B458}.Release|x64.ActiveCfg = Release|Any CPU
		{F7A07543-4609-499E-B8A9-44820752B458}.Release|x64.Build.0 = Release|Any CPU
		{52F111FB-D331-4577-B6C7-BB304666306F}.Debug|Any CPU.ActiveCfg = Debug|Any CPU
		{52F111FB-D331-4577-B6C7-BB304666306F}.Debug|Any CPU.Build.0 = Debug|Any CPU
		{52F111FB-D331-4577-B6C7-BB304666306F}.Debug|x64.ActiveCfg = Debug|x64
		{52F111FB-D331-4577-B6C7-BB304666306F}.Debug|x64.Build.0 = Debug|x64
		{52F111FB-D331-4577-B6C7-BB304666306F}.Release|Any CPU.ActiveCfg = Release|Any CPU
		{52F111FB-D331-4577-B6C7-BB304666306F}.Release|Any CPU.Build.0 = Release|Any CPU
		{52F111FB-D331-4577-B6C7-BB304666306F}.Release|x64.ActiveCfg = Release|x64
		{52F111FB-D331-4577-B6C7-BB304666306F}.Release|x64.Build.0 = Release|x64
		{E25DC763-797A-4E67-AF72-3BB931ABBC48}.Debug|Any CPU.ActiveCfg = Debug|Any CPU
		{E25DC763-797A-4E67-AF72-3BB931ABBC48}.Debug|Any CPU.Build.0 = Debug|Any CPU
		{E25DC763-797A-4E67-AF72-3BB931ABBC48}.Debug|x64.ActiveCfg = Debug|x64
		{E25DC763-797A-4E67-AF72-3BB931ABBC48}.Debug|x64.Build.0 = Debug|x64
		{E25DC763-797A-4E67-AF72-3BB931ABBC48}.Release|Any CPU.ActiveCfg = Release|Any CPU
		{E25DC763-797A-4E67-AF72-3BB931ABBC48}.Release|Any CPU.Build.0 = Release|Any CPU
		{E25DC763-797A-4E67-AF72-3BB931ABBC48}.Release|x64.ActiveCfg = Release|x64
		{E25DC763-797A-4E67-AF72-3BB931ABBC48}.Release|x64.Build.0 = Release|x64
		{8539B096-8660-46D6-9E13-37C6E4E3337A}.Debug|Any CPU.ActiveCfg = Debug|Any CPU
		{8539B096-8660-46D6-9E13-37C6E4E3337A}.Debug|Any CPU.Build.0 = Debug|Any CPU
		{8539B096-8660-46D6-9E13-37C6E4E3337A}.Debug|x64.ActiveCfg = Debug|x64
		{8539B096-8660-46D6-9E13-37C6E4E3337A}.Debug|x64.Build.0 = Debug|x64
		{8539B096-8660-46D6-9E13-37C6E4E3337A}.Release|Any CPU.ActiveCfg = Release|Any CPU
		{8539B096-8660-46D6-9E13-37C6E4E3337A}.Release|Any CPU.Build.0 = Release|Any CPU
		{8539B096-8660-46D6-9E13-37C6E4E3337A}.Release|x64.ActiveCfg = Release|x64
		{8539B096-8660-46D6-9E13-37C6E4E3337A}.Release|x64.Build.0 = Release|x64
		{93B57436-60A8-4982-B1AF-62020AD93E09}.Debug|Any CPU.ActiveCfg = Debug|Any CPU
		{93B57436-60A8-4982-B1AF-62020AD93E09}.Debug|Any CPU.Build.0 = Debug|Any CPU
		{93B57436-60A8-4982-B1AF-62020AD93E09}.Debug|x64.ActiveCfg = Debug|x64
		{93B57436-60A8-4982-B1AF-62020AD93E09}.Debug|x64.Build.0 = Debug|x64
		{93B57436-60A8-4982-B1AF-62020AD93E09}.Release|Any CPU.ActiveCfg = Release|Any CPU
		{93B57436-60A8-4982-B1AF-62020AD93E09}.Release|Any CPU.Build.0 = Release|Any CPU
		{93B57436-60A8-4982-B1AF-62020AD93E09}.Release|x64.ActiveCfg = Release|x64
		{93B57436-60A8-4982-B1AF-62020AD93E09}.Release|x64.Build.0 = Release|x64
		{1E27574D-6E6E-44D0-A4D4-833E704F167F}.Debug|Any CPU.ActiveCfg = Debug|Any CPU
		{1E27574D-6E6E-44D0-A4D4-833E704F167F}.Debug|Any CPU.Build.0 = Debug|Any CPU
		{1E27574D-6E6E-44D0-A4D4-833E704F167F}.Debug|x64.ActiveCfg = Debug|Any CPU
		{1E27574D-6E6E-44D0-A4D4-833E704F167F}.Debug|x64.Build.0 = Debug|Any CPU
		{1E27574D-6E6E-44D0-A4D4-833E704F167F}.Release|Any CPU.ActiveCfg = Release|Any CPU
		{1E27574D-6E6E-44D0-A4D4-833E704F167F}.Release|Any CPU.Build.0 = Release|Any CPU
		{1E27574D-6E6E-44D0-A4D4-833E704F167F}.Release|x64.ActiveCfg = Release|Any CPU
		{1E27574D-6E6E-44D0-A4D4-833E704F167F}.Release|x64.Build.0 = Release|Any CPU
		{F13A0EC2-A94C-409D-8080-4D1D353F95AD}.Debug|Any CPU.ActiveCfg = Debug|Any CPU
		{F13A0EC2-A94C-409D-8080-4D1D353F95AD}.Debug|Any CPU.Build.0 = Debug|Any CPU
		{F13A0EC2-A94C-409D-8080-4D1D353F95AD}.Debug|x64.ActiveCfg = Debug|Any CPU
		{F13A0EC2-A94C-409D-8080-4D1D353F95AD}.Debug|x64.Build.0 = Debug|Any CPU
		{F13A0EC2-A94C-409D-8080-4D1D353F95AD}.Release|Any CPU.ActiveCfg = Release|Any CPU
		{F13A0EC2-A94C-409D-8080-4D1D353F95AD}.Release|Any CPU.Build.0 = Release|Any CPU
		{F13A0EC2-A94C-409D-8080-4D1D353F95AD}.Release|x64.ActiveCfg = Release|Any CPU
		{F13A0EC2-A94C-409D-8080-4D1D353F95AD}.Release|x64.Build.0 = Release|Any CPU
		{8877C29C-F947-4BE8-BDAC-DC12C0410E18}.Debug|Any CPU.ActiveCfg = Debug|Any CPU
		{8877C29C-F947-4BE8-BDAC-DC12C0410E18}.Debug|Any CPU.Build.0 = Debug|Any CPU
		{8877C29C-F947-4BE8-BDAC-DC12C0410E18}.Debug|x64.ActiveCfg = Debug|Any CPU
		{8877C29C-F947-4BE8-BDAC-DC12C0410E18}.Debug|x64.Build.0 = Debug|Any CPU
		{8877C29C-F947-4BE8-BDAC-DC12C0410E18}.Release|Any CPU.ActiveCfg = Release|Any CPU
		{8877C29C-F947-4BE8-BDAC-DC12C0410E18}.Release|Any CPU.Build.0 = Release|Any CPU
		{8877C29C-F947-4BE8-BDAC-DC12C0410E18}.Release|x64.ActiveCfg = Release|Any CPU
		{8877C29C-F947-4BE8-BDAC-DC12C0410E18}.Release|x64.Build.0 = Release|Any CPU
		{477FBCAC-8B2C-4926-AE31-E8785F98BCCB}.Debug|Any CPU.ActiveCfg = Debug|Any CPU
		{477FBCAC-8B2C-4926-AE31-E8785F98BCCB}.Debug|Any CPU.Build.0 = Debug|Any CPU
		{477FBCAC-8B2C-4926-AE31-E8785F98BCCB}.Debug|x64.ActiveCfg = Debug|Any CPU
		{477FBCAC-8B2C-4926-AE31-E8785F98BCCB}.Debug|x64.Build.0 = Debug|Any CPU
		{477FBCAC-8B2C-4926-AE31-E8785F98BCCB}.Release|Any CPU.ActiveCfg = Release|Any CPU
		{477FBCAC-8B2C-4926-AE31-E8785F98BCCB}.Release|Any CPU.Build.0 = Release|Any CPU
		{477FBCAC-8B2C-4926-AE31-E8785F98BCCB}.Release|x64.ActiveCfg = Release|Any CPU
		{477FBCAC-8B2C-4926-AE31-E8785F98BCCB}.Release|x64.Build.0 = Release|Any CPU
		{AD84635E-A1ED-4D46-84B3-713883ACB70E}.Debug|Any CPU.ActiveCfg = Debug|Any CPU
		{AD84635E-A1ED-4D46-84B3-713883ACB70E}.Debug|Any CPU.Build.0 = Debug|Any CPU
		{AD84635E-A1ED-4D46-84B3-713883ACB70E}.Debug|x64.ActiveCfg = Debug|Any CPU
		{AD84635E-A1ED-4D46-84B3-713883ACB70E}.Debug|x64.Build.0 = Debug|Any CPU
		{AD84635E-A1ED-4D46-84B3-713883ACB70E}.Release|Any CPU.ActiveCfg = Release|Any CPU
		{AD84635E-A1ED-4D46-84B3-713883ACB70E}.Release|Any CPU.Build.0 = Release|Any CPU
		{AD84635E-A1ED-4D46-84B3-713883ACB70E}.Release|x64.ActiveCfg = Release|Any CPU
		{AD84635E-A1ED-4D46-84B3-713883ACB70E}.Release|x64.Build.0 = Release|Any CPU
		{3F87060C-5756-4F2B-8EB0-DF0E0F90BFEA}.Debug|Any CPU.ActiveCfg = Debug|Any CPU
		{3F87060C-5756-4F2B-8EB0-DF0E0F90BFEA}.Debug|Any CPU.Build.0 = Debug|Any CPU
		{3F87060C-5756-4F2B-8EB0-DF0E0F90BFEA}.Debug|x64.ActiveCfg = Debug|Any CPU
		{3F87060C-5756-4F2B-8EB0-DF0E0F90BFEA}.Debug|x64.Build.0 = Debug|Any CPU
		{3F87060C-5756-4F2B-8EB0-DF0E0F90BFEA}.Release|Any CPU.ActiveCfg = Release|Any CPU
		{3F87060C-5756-4F2B-8EB0-DF0E0F90BFEA}.Release|Any CPU.Build.0 = Release|Any CPU
		{3F87060C-5756-4F2B-8EB0-DF0E0F90BFEA}.Release|x64.ActiveCfg = Release|Any CPU
		{3F87060C-5756-4F2B-8EB0-DF0E0F90BFEA}.Release|x64.Build.0 = Release|Any CPU
		{EF981278-CE97-46AF-90F3-9DD38BE0A9E9}.Debug|Any CPU.ActiveCfg = Debug|Any CPU
		{EF981278-CE97-46AF-90F3-9DD38BE0A9E9}.Debug|Any CPU.Build.0 = Debug|Any CPU
		{EF981278-CE97-46AF-90F3-9DD38BE0A9E9}.Debug|x64.ActiveCfg = Debug|Any CPU
		{EF981278-CE97-46AF-90F3-9DD38BE0A9E9}.Debug|x64.Build.0 = Debug|Any CPU
		{EF981278-CE97-46AF-90F3-9DD38BE0A9E9}.Release|Any CPU.ActiveCfg = Release|Any CPU
		{EF981278-CE97-46AF-90F3-9DD38BE0A9E9}.Release|Any CPU.Build.0 = Release|Any CPU
		{EF981278-CE97-46AF-90F3-9DD38BE0A9E9}.Release|x64.ActiveCfg = Release|Any CPU
		{EF981278-CE97-46AF-90F3-9DD38BE0A9E9}.Release|x64.Build.0 = Release|Any CPU
		{BFEEF857-6E98-4758-AAD5-D977CCCF03C6}.Debug|Any CPU.ActiveCfg = Debug|Any CPU
		{BFEEF857-6E98-4758-AAD5-D977CCCF03C6}.Debug|Any CPU.Build.0 = Debug|Any CPU
		{BFEEF857-6E98-4758-AAD5-D977CCCF03C6}.Debug|x64.ActiveCfg = Debug|Any CPU
		{BFEEF857-6E98-4758-AAD5-D977CCCF03C6}.Debug|x64.Build.0 = Debug|Any CPU
		{BFEEF857-6E98-4758-AAD5-D977CCCF03C6}.Release|Any CPU.ActiveCfg = Release|Any CPU
		{BFEEF857-6E98-4758-AAD5-D977CCCF03C6}.Release|Any CPU.Build.0 = Release|Any CPU
		{BFEEF857-6E98-4758-AAD5-D977CCCF03C6}.Release|x64.ActiveCfg = Release|Any CPU
		{BFEEF857-6E98-4758-AAD5-D977CCCF03C6}.Release|x64.Build.0 = Release|Any CPU
		{489DC851-078E-405E-B5B3-EBD01149A546}.Debug|Any CPU.ActiveCfg = Debug|Any CPU
		{489DC851-078E-405E-B5B3-EBD01149A546}.Debug|Any CPU.Build.0 = Debug|Any CPU
		{489DC851-078E-405E-B5B3-EBD01149A546}.Debug|x64.ActiveCfg = Debug|Any CPU
		{489DC851-078E-405E-B5B3-EBD01149A546}.Debug|x64.Build.0 = Debug|Any CPU
		{489DC851-078E-405E-B5B3-EBD01149A546}.Release|Any CPU.ActiveCfg = Release|Any CPU
		{489DC851-078E-405E-B5B3-EBD01149A546}.Release|Any CPU.Build.0 = Release|Any CPU
		{489DC851-078E-405E-B5B3-EBD01149A546}.Release|x64.ActiveCfg = Release|Any CPU
		{489DC851-078E-405E-B5B3-EBD01149A546}.Release|x64.Build.0 = Release|Any CPU
		{E6E7307E-8AC1-4224-9C29-90780F4E0B3F}.Debug|Any CPU.ActiveCfg = Debug|Any CPU
		{E6E7307E-8AC1-4224-9C29-90780F4E0B3F}.Debug|Any CPU.Build.0 = Debug|Any CPU
		{E6E7307E-8AC1-4224-9C29-90780F4E0B3F}.Debug|x64.ActiveCfg = Debug|Any CPU
		{E6E7307E-8AC1-4224-9C29-90780F4E0B3F}.Debug|x64.Build.0 = Debug|Any CPU
		{E6E7307E-8AC1-4224-9C29-90780F4E0B3F}.Release|Any CPU.ActiveCfg = Release|Any CPU
		{E6E7307E-8AC1-4224-9C29-90780F4E0B3F}.Release|Any CPU.Build.0 = Release|Any CPU
		{E6E7307E-8AC1-4224-9C29-90780F4E0B3F}.Release|x64.ActiveCfg = Release|Any CPU
		{E6E7307E-8AC1-4224-9C29-90780F4E0B3F}.Release|x64.Build.0 = Release|Any CPU
		{F4BE1554-666E-4A9D-BB6F-8E1FD6425B1B}.Debug|Any CPU.ActiveCfg = Debug|Any CPU
		{F4BE1554-666E-4A9D-BB6F-8E1FD6425B1B}.Debug|Any CPU.Build.0 = Debug|Any CPU
		{F4BE1554-666E-4A9D-BB6F-8E1FD6425B1B}.Debug|x64.ActiveCfg = Debug|Any CPU
		{F4BE1554-666E-4A9D-BB6F-8E1FD6425B1B}.Debug|x64.Build.0 = Debug|Any CPU
		{F4BE1554-666E-4A9D-BB6F-8E1FD6425B1B}.Release|Any CPU.ActiveCfg = Release|Any CPU
		{F4BE1554-666E-4A9D-BB6F-8E1FD6425B1B}.Release|Any CPU.Build.0 = Release|Any CPU
		{F4BE1554-666E-4A9D-BB6F-8E1FD6425B1B}.Release|x64.ActiveCfg = Release|Any CPU
		{F4BE1554-666E-4A9D-BB6F-8E1FD6425B1B}.Release|x64.Build.0 = Release|Any CPU
		{6D65B80C-BD08-471C-83D9-1534A509CAD4}.Debug|Any CPU.ActiveCfg = Debug|Any CPU
		{6D65B80C-BD08-471C-83D9-1534A509CAD4}.Debug|Any CPU.Build.0 = Debug|Any CPU
		{6D65B80C-BD08-471C-83D9-1534A509CAD4}.Debug|x64.ActiveCfg = Debug|Any CPU
		{6D65B80C-BD08-471C-83D9-1534A509CAD4}.Debug|x64.Build.0 = Debug|Any CPU
		{6D65B80C-BD08-471C-83D9-1534A509CAD4}.Release|Any CPU.ActiveCfg = Release|Any CPU
		{6D65B80C-BD08-471C-83D9-1534A509CAD4}.Release|Any CPU.Build.0 = Release|Any CPU
		{6D65B80C-BD08-471C-83D9-1534A509CAD4}.Release|x64.ActiveCfg = Release|Any CPU
		{6D65B80C-BD08-471C-83D9-1534A509CAD4}.Release|x64.Build.0 = Release|Any CPU
	EndGlobalSection
	GlobalSection(SolutionProperties) = preSolution
		HideSolutionNode = FALSE
	EndGlobalSection
	GlobalSection(NestedProjects) = preSolution
		{0C7006A7-8A9C-402A-AD27-0D2A7335A037} = {56FED4BF-5C5A-4F49-BBE2-564632F25610}
		{A58C6FE5-D4D2-4443-89B1-42A9CF6CB680} = {0C7006A7-8A9C-402A-AD27-0D2A7335A037}
		{FF9F215A-1826-4503-9454-3A7BCEA1E851} = {A58C6FE5-D4D2-4443-89B1-42A9CF6CB680}
		{2F5BAD2B-5B26-4829-89FA-ABE8A819FB19} = {FF9F215A-1826-4503-9454-3A7BCEA1E851}
		{40D639B1-9044-4E9B-872A-A5711CE2A655} = {A58C6FE5-D4D2-4443-89B1-42A9CF6CB680}
		{F7A07543-4609-499E-B8A9-44820752B458} = {40D639B1-9044-4E9B-872A-A5711CE2A655}
		{52F111FB-D331-4577-B6C7-BB304666306F} = {0C7006A7-8A9C-402A-AD27-0D2A7335A037}
		{E25DC763-797A-4E67-AF72-3BB931ABBC48} = {0C7006A7-8A9C-402A-AD27-0D2A7335A037}
		{8539B096-8660-46D6-9E13-37C6E4E3337A} = {0C7006A7-8A9C-402A-AD27-0D2A7335A037}
		{93B57436-60A8-4982-B1AF-62020AD93E09} = {0C7006A7-8A9C-402A-AD27-0D2A7335A037}
		{1E27574D-6E6E-44D0-A4D4-833E704F167F} = {0C7006A7-8A9C-402A-AD27-0D2A7335A037}
		{F13A0EC2-A94C-409D-8080-4D1D353F95AD} = {0C7006A7-8A9C-402A-AD27-0D2A7335A037}
		{8877C29C-F947-4BE8-BDAC-DC12C0410E18} = {0C7006A7-8A9C-402A-AD27-0D2A7335A037}
		{477FBCAC-8B2C-4926-AE31-E8785F98BCCB} = {0C7006A7-8A9C-402A-AD27-0D2A7335A037}
		{AD84635E-A1ED-4D46-84B3-713883ACB70E} = {0C7006A7-8A9C-402A-AD27-0D2A7335A037}
		{3F87060C-5756-4F2B-8EB0-DF0E0F90BFEA} = {0C7006A7-8A9C-402A-AD27-0D2A7335A037}
		{EF981278-CE97-46AF-90F3-9DD38BE0A9E9} = {0C7006A7-8A9C-402A-AD27-0D2A7335A037}
		{BFEEF857-6E98-4758-AAD5-D977CCCF03C6} = {0C7006A7-8A9C-402A-AD27-0D2A7335A037}
		{489DC851-078E-405E-B5B3-EBD01149A546} = {0C7006A7-8A9C-402A-AD27-0D2A7335A037}
		{E6E7307E-8AC1-4224-9C29-90780F4E0B3F} = {FF9F215A-1826-4503-9454-3A7BCEA1E851}
		{F4BE1554-666E-4A9D-BB6F-8E1FD6425B1B} = {FF9F215A-1826-4503-9454-3A7BCEA1E851}
		{6D65B80C-BD08-471C-83D9-1534A509CAD4} = {FF9F215A-1826-4503-9454-3A7BCEA1E851}
	EndGlobalSection
	GlobalSection(ExtensibilityGlobals) = postSolution
		SolutionGuid = {1C911797-E620-402B-9FE2-D9CED9911B03}
	EndGlobalSection
EndGlobal
